
Microsoft Visual Studio Solution File, Format Version 12.00
# Visual Studio Version 17
VisualStudioVersion = 17.4.33205.214
MinimumVisualStudioVersion = 10.0.40219.1
Project("{9A19103F-16F7-4668-BE54-9A1E7A4F7556}") = "TestProject1", "TestProject1\TestProject1.csproj", "{D653B89C-D8DC-4C84-A36A-777F55767C4C}"
EndProject
Global
	GlobalSection(SolutionConfigurationPlatforms) = preSolution
		Debug|Any CPU = Debug|Any CPU
		Release|Any CPU = Release|Any CPU
	EndGlobalSection
	GlobalSection(ProjectConfigurationPlatforms) = postSolution
		{D653B89C-D8DC-4C84-A36A-777F55767C4C}.Debug|Any CPU.ActiveCfg = Debug|Any CPU
		{D653B89C-D8DC-4C84-A36A-777F55767C4C}.Debug|Any CPU.Build.0 = Debug|Any CPU
		{D653B89C-D8DC-4C84-A36A-777F55767C4C}.Release|Any CPU.ActiveCfg = Release|Any CPU
		{D653B89C-D8DC-4C84-A36A-777F55767C4C}.Release|Any CPU.Build.0 = Release|Any CPU
	EndGlobalSection
	GlobalSection(SolutionProperties) = preSolution
		HideSolutionNode = FALSE
	EndGlobalSection
	GlobalSection(ExtensibilityGlobals) = postSolution
		SolutionGuid = {417A1347-8C99-4886-A5B3-CCC242FC67CD}
	EndGlobalSection
EndGlobal
